
Microsoft Visual Studio Solution File, Format Version 12.00
# Visual Studio Version 16
VisualStudioVersion = 16.0.29505.145
MinimumVisualStudioVersion = 15.0.26124.0
Project("{2150E333-8FDC-42A3-9474-1A3956D46DE8}") = "Solution Items", "Solution Items", "{A8B4136A-7EA2-43ED-B251-9C0CAAF68DA6}"
	ProjectSection(SolutionItems) = preProject
		.editorconfig = .editorconfig
		.gitattributes = .gitattributes
		.gitignore = .gitignore
		.gitmodules = .gitmodules
		AllRules.ruleset = AllRules.ruleset
		azure-pipelines.yml = azure-pipelines.yml
		Directory.Build.props = Directory.Build.props
		Directory.Meta.props = Directory.Meta.props
		LICENSE = LICENSE
	EndProjectSection
EndProject
Project("{9A19103F-16F7-4668-BE54-9A1E7A4F7556}") = "THNETII.Twitch.HelixApi.Models", "src\THNETII.Twitch.HelixApi.Models\THNETII.Twitch.HelixApi.Models.csproj", "{9709EB25-CC48-42D4-AC0E-F586D95DC3E4}"
EndProject
Project("{2150E333-8FDC-42A3-9474-1A3956D46DE8}") = "src", "src", "{9C3B3890-BECA-4A71-87D3-A053EE94306F}"
EndProject
Project("{9A19103F-16F7-4668-BE54-9A1E7A4F7556}") = "THNETII.Twitch.Test", "test\THNETII.Twitch.Test\THNETII.Twitch.Test.csproj", "{E1C03148-74C1-4919-BD93-8190BFCE9BD2}"
EndProject
Project("{2150E333-8FDC-42A3-9474-1A3956D46DE8}") = "test", "test", "{F0F2701B-5156-426E-AE49-944F441B6592}"
EndProject
Project("{9A19103F-16F7-4668-BE54-9A1E7A4F7556}") = "THNETII.Twitch.Polly", "src\THNETII.Twitch.Polly\THNETII.Twitch.Polly.csproj", "{B26E07D3-A6AF-4B85-8452-E4507B766985}"
EndProject
Project("{9A19103F-16F7-4668-BE54-9A1E7A4F7556}") = "THNETII.Twitch.HelixApi", "src\THNETII.Twitch.HelixApi\THNETII.Twitch.HelixApi.csproj", "{47F6542F-A37A-40F5-932C-2BC976CF3A44}"
EndProject
Project("{2150E333-8FDC-42A3-9474-1A3956D46DE8}") = "dotnet-common", "dotnet-common", "{94217908-DC24-4C03-8F6C-868DC12A8708}"
EndProject
Project("{2150E333-8FDC-42A3-9474-1A3956D46DE8}") = "src", "src", "{EEBE2363-9E6A-416F-A77D-A48259B09FD1}"
EndProject
Project("{9A19103F-16F7-4668-BE54-9A1E7A4F7556}") = "THNETII.Common", "dotnet-common\src\THNETII.Common\THNETII.Common.csproj", "{C0FFFCE7-CD7E-42CA-8C43-CD03A22CD4C9}"
EndProject
Project("{9A19103F-16F7-4668-BE54-9A1E7A4F7556}") = "THNETII.Networking.Http", "dotnet-common\src\THNETII.Networking.Http\THNETII.Networking.Http.csproj", "{B6DCDEAA-BECE-4EEC-BDB6-1C18F6232C62}"
EndProject
Project("{2150E333-8FDC-42A3-9474-1A3956D46DE8}") = "graphql", "graphql", "{08F2AB7D-A03A-46AD-9702-45483D46CE8F}"
EndProject
Project("{2150E333-8FDC-42A3-9474-1A3956D46DE8}") = "src", "src", "{FF2E07FE-2CA1-4197-B986-60EB3868EADC}"
EndProject
Project("{9A19103F-16F7-4668-BE54-9A1E7A4F7556}") = "THNETII.GraphQL.Http", "graphql\src\THNETII.GraphQL.Http\THNETII.GraphQL.Http.csproj", "{4F222529-FA64-4A1D-A789-EA19F13786B4}"
EndProject
Project("{2150E333-8FDC-42A3-9474-1A3956D46DE8}") = "dotnet-common", "dotnet-common", "{B4653D7D-69CC-42E4-951D-DD3275FBC11F}"
EndProject
Project("{2150E333-8FDC-42A3-9474-1A3956D46DE8}") = "src", "src", "{AC73508D-53F1-4657-921A-8957B5ECBE02}"
EndProject
Project("{9A19103F-16F7-4668-BE54-9A1E7A4F7556}") = "THNETII.Common", "graphql\dotnet-common\src\THNETII.Common\THNETII.Common.csproj", "{22633A57-62D7-46B8-9385-E3511BC1C7E9}"
EndProject
Project("{9A19103F-16F7-4668-BE54-9A1E7A4F7556}") = "THNETII.Networking.Http", "graphql\dotnet-common\src\THNETII.Networking.Http\THNETII.Networking.Http.csproj", "{BB59ED6C-F2D5-4988-91B2-11397DAAF007}"
EndProject
Project("{FAE04EC0-301F-11D3-BF4B-00C04F79EFBC}") = "THNETII.Twitch.GraphQL", "src\THNETII.Twitch.GraphQL\THNETII.Twitch.GraphQL.csproj", "{404AD0E9-E5AB-4583-A7D2-072B718F6EB0}"
EndProject
Global
	GlobalSection(SolutionConfigurationPlatforms) = preSolution
		Debug|Any CPU = Debug|Any CPU
		Debug|x64 = Debug|x64
		Debug|x86 = Debug|x86
		Release|Any CPU = Release|Any CPU
		Release|x64 = Release|x64
		Release|x86 = Release|x86
	EndGlobalSection
	GlobalSection(ProjectConfigurationPlatforms) = postSolution
		{9709EB25-CC48-42D4-AC0E-F586D95DC3E4}.Debug|Any CPU.ActiveCfg = Debug|Any CPU
		{9709EB25-CC48-42D4-AC0E-F586D95DC3E4}.Debug|Any CPU.Build.0 = Debug|Any CPU
		{9709EB25-CC48-42D4-AC0E-F586D95DC3E4}.Debug|x64.ActiveCfg = Debug|Any CPU
		{9709EB25-CC48-42D4-AC0E-F586D95DC3E4}.Debug|x64.Build.0 = Debug|Any CPU
		{9709EB25-CC48-42D4-AC0E-F586D95DC3E4}.Debug|x86.ActiveCfg = Debug|Any CPU
		{9709EB25-CC48-42D4-AC0E-F586D95DC3E4}.Debug|x86.Build.0 = Debug|Any CPU
		{9709EB25-CC48-42D4-AC0E-F586D95DC3E4}.Release|Any CPU.ActiveCfg = Release|Any CPU
		{9709EB25-CC48-42D4-AC0E-F586D95DC3E4}.Release|Any CPU.Build.0 = Release|Any CPU
		{9709EB25-CC48-42D4-AC0E-F586D95DC3E4}.Release|x64.ActiveCfg = Release|Any CPU
		{9709EB25-CC48-42D4-AC0E-F586D95DC3E4}.Release|x64.Build.0 = Release|Any CPU
		{9709EB25-CC48-42D4-AC0E-F586D95DC3E4}.Release|x86.ActiveCfg = Release|Any CPU
		{9709EB25-CC48-42D4-AC0E-F586D95DC3E4}.Release|x86.Build.0 = Release|Any CPU
		{E1C03148-74C1-4919-BD93-8190BFCE9BD2}.Debug|Any CPU.ActiveCfg = Debug|Any CPU
		{E1C03148-74C1-4919-BD93-8190BFCE9BD2}.Debug|Any CPU.Build.0 = Debug|Any CPU
		{E1C03148-74C1-4919-BD93-8190BFCE9BD2}.Debug|x64.ActiveCfg = Debug|Any CPU
		{E1C03148-74C1-4919-BD93-8190BFCE9BD2}.Debug|x64.Build.0 = Debug|Any CPU
		{E1C03148-74C1-4919-BD93-8190BFCE9BD2}.Debug|x86.ActiveCfg = Debug|Any CPU
		{E1C03148-74C1-4919-BD93-8190BFCE9BD2}.Debug|x86.Build.0 = Debug|Any CPU
		{E1C03148-74C1-4919-BD93-8190BFCE9BD2}.Release|Any CPU.ActiveCfg = Release|Any CPU
		{E1C03148-74C1-4919-BD93-8190BFCE9BD2}.Release|Any CPU.Build.0 = Release|Any CPU
		{E1C03148-74C1-4919-BD93-8190BFCE9BD2}.Release|x64.ActiveCfg = Release|Any CPU
		{E1C03148-74C1-4919-BD93-8190BFCE9BD2}.Release|x64.Build.0 = Release|Any CPU
		{E1C03148-74C1-4919-BD93-8190BFCE9BD2}.Release|x86.ActiveCfg = Release|Any CPU
		{E1C03148-74C1-4919-BD93-8190BFCE9BD2}.Release|x86.Build.0 = Release|Any CPU
		{B26E07D3-A6AF-4B85-8452-E4507B766985}.Debug|Any CPU.ActiveCfg = Debug|Any CPU
		{B26E07D3-A6AF-4B85-8452-E4507B766985}.Debug|Any CPU.Build.0 = Debug|Any CPU
		{B26E07D3-A6AF-4B85-8452-E4507B766985}.Debug|x64.ActiveCfg = Debug|Any CPU
		{B26E07D3-A6AF-4B85-8452-E4507B766985}.Debug|x64.Build.0 = Debug|Any CPU
		{B26E07D3-A6AF-4B85-8452-E4507B766985}.Debug|x86.ActiveCfg = Debug|Any CPU
		{B26E07D3-A6AF-4B85-8452-E4507B766985}.Debug|x86.Build.0 = Debug|Any CPU
		{B26E07D3-A6AF-4B85-8452-E4507B766985}.Release|Any CPU.ActiveCfg = Release|Any CPU
		{B26E07D3-A6AF-4B85-8452-E4507B766985}.Release|Any CPU.Build.0 = Release|Any CPU
		{B26E07D3-A6AF-4B85-8452-E4507B766985}.Release|x64.ActiveCfg = Release|Any CPU
		{B26E07D3-A6AF-4B85-8452-E4507B766985}.Release|x64.Build.0 = Release|Any CPU
		{B26E07D3-A6AF-4B85-8452-E4507B766985}.Release|x86.ActiveCfg = Release|Any CPU
		{B26E07D3-A6AF-4B85-8452-E4507B766985}.Release|x86.Build.0 = Release|Any CPU
		{47F6542F-A37A-40F5-932C-2BC976CF3A44}.Debug|Any CPU.ActiveCfg = Debug|Any CPU
		{47F6542F-A37A-40F5-932C-2BC976CF3A44}.Debug|Any CPU.Build.0 = Debug|Any CPU
		{47F6542F-A37A-40F5-932C-2BC976CF3A44}.Debug|x64.ActiveCfg = Debug|Any CPU
		{47F6542F-A37A-40F5-932C-2BC976CF3A44}.Debug|x64.Build.0 = Debug|Any CPU
		{47F6542F-A37A-40F5-932C-2BC976CF3A44}.Debug|x86.ActiveCfg = Debug|Any CPU
		{47F6542F-A37A-40F5-932C-2BC976CF3A44}.Debug|x86.Build.0 = Debug|Any CPU
		{47F6542F-A37A-40F5-932C-2BC976CF3A44}.Release|Any CPU.ActiveCfg = Release|Any CPU
		{47F6542F-A37A-40F5-932C-2BC976CF3A44}.Release|Any CPU.Build.0 = Release|Any CPU
		{47F6542F-A37A-40F5-932C-2BC976CF3A44}.Release|x64.ActiveCfg = Release|Any CPU
		{47F6542F-A37A-40F5-932C-2BC976CF3A44}.Release|x64.Build.0 = Release|Any CPU
		{47F6542F-A37A-40F5-932C-2BC976CF3A44}.Release|x86.ActiveCfg = Release|Any CPU
		{47F6542F-A37A-40F5-932C-2BC976CF3A44}.Release|x86.Build.0 = Release|Any CPU
		{C0FFFCE7-CD7E-42CA-8C43-CD03A22CD4C9}.Debug|Any CPU.ActiveCfg = Debug|Any CPU
		{C0FFFCE7-CD7E-42CA-8C43-CD03A22CD4C9}.Debug|Any CPU.Build.0 = Debug|Any CPU
		{C0FFFCE7-CD7E-42CA-8C43-CD03A22CD4C9}.Debug|x64.ActiveCfg = Debug|Any CPU
		{C0FFFCE7-CD7E-42CA-8C43-CD03A22CD4C9}.Debug|x64.Build.0 = Debug|Any CPU
		{C0FFFCE7-CD7E-42CA-8C43-CD03A22CD4C9}.Debug|x86.ActiveCfg = Debug|Any CPU
		{C0FFFCE7-CD7E-42CA-8C43-CD03A22CD4C9}.Debug|x86.Build.0 = Debug|Any CPU
		{C0FFFCE7-CD7E-42CA-8C43-CD03A22CD4C9}.Release|Any CPU.ActiveCfg = Release|Any CPU
		{C0FFFCE7-CD7E-42CA-8C43-CD03A22CD4C9}.Release|Any CPU.Build.0 = Release|Any CPU
		{C0FFFCE7-CD7E-42CA-8C43-CD03A22CD4C9}.Release|x64.ActiveCfg = Release|Any CPU
		{C0FFFCE7-CD7E-42CA-8C43-CD03A22CD4C9}.Release|x64.Build.0 = Release|Any CPU
		{C0FFFCE7-CD7E-42CA-8C43-CD03A22CD4C9}.Release|x86.ActiveCfg = Release|Any CPU
		{C0FFFCE7-CD7E-42CA-8C43-CD03A22CD4C9}.Release|x86.Build.0 = Release|Any CPU
		{B6DCDEAA-BECE-4EEC-BDB6-1C18F6232C62}.Debug|Any CPU.ActiveCfg = Debug|Any CPU
		{B6DCDEAA-BECE-4EEC-BDB6-1C18F6232C62}.Debug|Any CPU.Build.0 = Debug|Any CPU
		{B6DCDEAA-BECE-4EEC-BDB6-1C18F6232C62}.Debug|x64.ActiveCfg = Debug|Any CPU
		{B6DCDEAA-BECE-4EEC-BDB6-1C18F6232C62}.Debug|x64.Build.0 = Debug|Any CPU
		{B6DCDEAA-BECE-4EEC-BDB6-1C18F6232C62}.Debug|x86.ActiveCfg = Debug|Any CPU
		{B6DCDEAA-BECE-4EEC-BDB6-1C18F6232C62}.Debug|x86.Build.0 = Debug|Any CPU
		{B6DCDEAA-BECE-4EEC-BDB6-1C18F6232C62}.Release|Any CPU.ActiveCfg = Release|Any CPU
		{B6DCDEAA-BECE-4EEC-BDB6-1C18F6232C62}.Release|Any CPU.Build.0 = Release|Any CPU
		{B6DCDEAA-BECE-4EEC-BDB6-1C18F6232C62}.Release|x64.ActiveCfg = Release|Any CPU
		{B6DCDEAA-BECE-4EEC-BDB6-1C18F6232C62}.Release|x64.Build.0 = Release|Any CPU
		{B6DCDEAA-BECE-4EEC-BDB6-1C18F6232C62}.Release|x86.ActiveCfg = Release|Any CPU
		{B6DCDEAA-BECE-4EEC-BDB6-1C18F6232C62}.Release|x86.Build.0 = Release|Any CPU
		{4F222529-FA64-4A1D-A789-EA19F13786B4}.Debug|Any CPU.ActiveCfg = Debug|Any CPU
		{4F222529-FA64-4A1D-A789-EA19F13786B4}.Debug|Any CPU.Build.0 = Debug|Any CPU
		{4F222529-FA64-4A1D-A789-EA19F13786B4}.Debug|x64.ActiveCfg = Debug|Any CPU
		{4F222529-FA64-4A1D-A789-EA19F13786B4}.Debug|x64.Build.0 = Debug|Any CPU
		{4F222529-FA64-4A1D-A789-EA19F13786B4}.Debug|x86.ActiveCfg = Debug|Any CPU
		{4F222529-FA64-4A1D-A789-EA19F13786B4}.Debug|x86.Build.0 = Debug|Any CPU
		{4F222529-FA64-4A1D-A789-EA19F13786B4}.Release|Any CPU.ActiveCfg = Release|Any CPU
		{4F222529-FA64-4A1D-A789-EA19F13786B4}.Release|Any CPU.Build.0 = Release|Any CPU
		{4F222529-FA64-4A1D-A789-EA19F13786B4}.Release|x64.ActiveCfg = Release|Any CPU
		{4F222529-FA64-4A1D-A789-EA19F13786B4}.Release|x64.Build.0 = Release|Any CPU
		{4F222529-FA64-4A1D-A789-EA19F13786B4}.Release|x86.ActiveCfg = Release|Any CPU
		{4F222529-FA64-4A1D-A789-EA19F13786B4}.Release|x86.Build.0 = Release|Any CPU
		{22633A57-62D7-46B8-9385-E3511BC1C7E9}.Debug|Any CPU.ActiveCfg = Debug|Any CPU
		{22633A57-62D7-46B8-9385-E3511BC1C7E9}.Debug|Any CPU.Build.0 = Debug|Any CPU
		{22633A57-62D7-46B8-9385-E3511BC1C7E9}.Debug|x64.ActiveCfg = Debug|Any CPU
		{22633A57-62D7-46B8-9385-E3511BC1C7E9}.Debug|x64.Build.0 = Debug|Any CPU
		{22633A57-62D7-46B8-9385-E3511BC1C7E9}.Debug|x86.ActiveCfg = Debug|Any CPU
		{22633A57-62D7-46B8-9385-E3511BC1C7E9}.Debug|x86.Build.0 = Debug|Any CPU
		{22633A57-62D7-46B8-9385-E3511BC1C7E9}.Release|Any CPU.ActiveCfg = Release|Any CPU
		{22633A57-62D7-46B8-9385-E3511BC1C7E9}.Release|Any CPU.Build.0 = Release|Any CPU
		{22633A57-62D7-46B8-9385-E3511BC1C7E9}.Release|x64.ActiveCfg = Release|Any CPU
		{22633A57-62D7-46B8-9385-E3511BC1C7E9}.Release|x64.Build.0 = Release|Any CPU
		{22633A57-62D7-46B8-9385-E3511BC1C7E9}.Release|x86.ActiveCfg = Release|Any CPU
		{22633A57-62D7-46B8-9385-E3511BC1C7E9}.Release|x86.Build.0 = Release|Any CPU
		{BB59ED6C-F2D5-4988-91B2-11397DAAF007}.Debug|Any CPU.ActiveCfg = Debug|Any CPU
		{BB59ED6C-F2D5-4988-91B2-11397DAAF007}.Debug|Any CPU.Build.0 = Debug|Any CPU
		{BB59ED6C-F2D5-4988-91B2-11397DAAF007}.Debug|x64.ActiveCfg = Debug|Any CPU
		{BB59ED6C-F2D5-4988-91B2-11397DAAF007}.Debug|x64.Build.0 = Debug|Any CPU
		{BB59ED6C-F2D5-4988-91B2-11397DAAF007}.Debug|x86.ActiveCfg = Debug|Any CPU
		{BB59ED6C-F2D5-4988-91B2-11397DAAF007}.Debug|x86.Build.0 = Debug|Any CPU
		{BB59ED6C-F2D5-4988-91B2-11397DAAF007}.Release|Any CPU.ActiveCfg = Release|Any CPU
		{BB59ED6C-F2D5-4988-91B2-11397DAAF007}.Release|Any CPU.Build.0 = Release|Any CPU
		{BB59ED6C-F2D5-4988-91B2-11397DAAF007}.Release|x64.ActiveCfg = Release|Any CPU
		{BB59ED6C-F2D5-4988-91B2-11397DAAF007}.Release|x64.Build.0 = Release|Any CPU
		{BB59ED6C-F2D5-4988-91B2-11397DAAF007}.Release|x86.ActiveCfg = Release|Any CPU
		{BB59ED6C-F2D5-4988-91B2-11397DAAF007}.Release|x86.Build.0 = Release|Any CPU
		{404AD0E9-E5AB-4583-A7D2-072B718F6EB0}.Debug|Any CPU.ActiveCfg = Debug|Any CPU
		{404AD0E9-E5AB-4583-A7D2-072B718F6EB0}.Debug|Any CPU.Build.0 = Debug|Any CPU
		{404AD0E9-E5AB-4583-A7D2-072B718F6EB0}.Debug|x64.ActiveCfg = Debug|Any CPU
		{404AD0E9-E5AB-4583-A7D2-072B718F6EB0}.Debug|x64.Build.0 = Debug|Any CPU
		{404AD0E9-E5AB-4583-A7D2-072B718F6EB0}.Debug|x86.ActiveCfg = Debug|Any CPU
		{404AD0E9-E5AB-4583-A7D2-072B718F6EB0}.Debug|x86.Build.0 = Debug|Any CPU
		{404AD0E9-E5AB-4583-A7D2-072B718F6EB0}.Release|Any CPU.ActiveCfg = Release|Any CPU
		{404AD0E9-E5AB-4583-A7D2-072B718F6EB0}.Release|Any CPU.Build.0 = Release|Any CPU
		{404AD0E9-E5AB-4583-A7D2-072B718F6EB0}.Release|x64.ActiveCfg = Release|Any CPU
		{404AD0E9-E5AB-4583-A7D2-072B718F6EB0}.Release|x64.Build.0 = Release|Any CPU
		{404AD0E9-E5AB-4583-A7D2-072B718F6EB0}.Release|x86.ActiveCfg = Release|Any CPU
		{404AD0E9-E5AB-4583-A7D2-072B718F6EB0}.Release|x86.Build.0 = Release|Any CPU
	EndGlobalSection
	GlobalSection(SolutionProperties) = preSolution
		HideSolutionNode = FALSE
	EndGlobalSection
	GlobalSection(NestedProjects) = preSolution
		{9709EB25-CC48-42D4-AC0E-F586D95DC3E4} = {9C3B3890-BECA-4A71-87D3-A053EE94306F}
		{E1C03148-74C1-4919-BD93-8190BFCE9BD2} = {F0F2701B-5156-426E-AE49-944F441B6592}
		{B26E07D3-A6AF-4B85-8452-E4507B766985} = {9C3B3890-BECA-4A71-87D3-A053EE94306F}
		{47F6542F-A37A-40F5-932C-2BC976CF3A44} = {9C3B3890-BECA-4A71-87D3-A053EE94306F}
		{EEBE2363-9E6A-416F-A77D-A48259B09FD1} = {94217908-DC24-4C03-8F6C-868DC12A8708}
		{C0FFFCE7-CD7E-42CA-8C43-CD03A22CD4C9} = {EEBE2363-9E6A-416F-A77D-A48259B09FD1}
		{B6DCDEAA-BECE-4EEC-BDB6-1C18F6232C62} = {EEBE2363-9E6A-416F-A77D-A48259B09FD1}
		{FF2E07FE-2CA1-4197-B986-60EB3868EADC} = {08F2AB7D-A03A-46AD-9702-45483D46CE8F}
		{4F222529-FA64-4A1D-A789-EA19F13786B4} = {FF2E07FE-2CA1-4197-B986-60EB3868EADC}
		{B4653D7D-69CC-42E4-951D-DD3275FBC11F} = {08F2AB7D-A03A-46AD-9702-45483D46CE8F}
		{AC73508D-53F1-4657-921A-8957B5ECBE02} = {B4653D7D-69CC-42E4-951D-DD3275FBC11F}
		{22633A57-62D7-46B8-9385-E3511BC1C7E9} = {AC73508D-53F1-4657-921A-8957B5ECBE02}
		{BB59ED6C-F2D5-4988-91B2-11397DAAF007} = {AC73508D-53F1-4657-921A-8957B5ECBE02}
		{404AD0E9-E5AB-4583-A7D2-072B718F6EB0} = {9C3B3890-BECA-4A71-87D3-A053EE94306F}
	EndGlobalSection
	GlobalSection(ExtensibilityGlobals) = postSolution
		SolutionGuid = {2DAA5EF5-DA80-48CF-B98D-753CF27E83D4}
	EndGlobalSection
EndGlobal
